// !$*UTF8*$!
{
	archiveVersion = 1;
	classes = {
	};
	objectVersion = 77;
	objects = {

/* Begin PBXContainerItemProxy section */
		E16D18BE2CD53DD100ED62D3 /* PBXContainerItemProxy */ = {
			isa = PBXContainerItemProxy;
			containerPortal = E16D18A52CD53DD000ED62D3 /* Project object */;
			proxyType = 1;
			remoteGlobalIDString = E16D18AC2CD53DD000ED62D3;
			remoteInfo = AlertTrain;
		};
		E16D18C82CD53DD100ED62D3 /* PBXContainerItemProxy */ = {
			isa = PBXContainerItemProxy;
			containerPortal = E16D18A52CD53DD000ED62D3 /* Project object */;
			proxyType = 1;
			remoteGlobalIDString = E16D18AC2CD53DD000ED62D3;
			remoteInfo = AlertTrain;
		};
/* End PBXContainerItemProxy section */

/* Begin PBXFileReference section */
		E16D18AD2CD53DD000ED62D3 /* AlertTrain.app */ = {isa = PBXFileReference; explicitFileType = wrapper.application; includeInIndex = 0; path = AlertTrain.app; sourceTree = BUILT_PRODUCTS_DIR; };
		E16D18BD2CD53DD100ED62D3 /* AlertTrainTests.xctest */ = {isa = PBXFileReference; explicitFileType = wrapper.cfbundle; includeInIndex = 0; path = AlertTrainTests.xctest; sourceTree = BUILT_PRODUCTS_DIR; };
		E16D18C72CD53DD100ED62D3 /* AlertTrainUITests.xctest */ = {isa = PBXFileReference; explicitFileType = wrapper.cfbundle; includeInIndex = 0; path = AlertTrainUITests.xctest; sourceTree = BUILT_PRODUCTS_DIR; };
/* End PBXFileReference section */

/* Begin PBXFileSystemSynchronizedRootGroup section */
		E16D18AF2CD53DD000ED62D3 /* AlertTrain */ = {
			isa = PBXFileSystemSynchronizedRootGroup;
			path = AlertTrain;
			sourceTree = "<group>";
		};
		E16D18C02CD53DD100ED62D3 /* AlertTrainTests */ = {
			isa = PBXFileSystemSynchronizedRootGroup;
			path = AlertTrainTests;
			sourceTree = "<group>";
		};
		E16D18CA2CD53DD100ED62D3 /* AlertTrainUITests */ = {
			isa = PBXFileSystemSynchronizedRootGroup;
			path = AlertTrainUITests;
			sourceTree = "<group>";
		};
/* End PBXFileSystemSynchronizedRootGroup section */

/* Begin PBXFrameworksBuildPhase section */
		E16D18AA2CD53DD000ED62D3 /* Frameworks */ = {
			isa = PBXFrameworksBuildPhase;
			buildActionMask = 2147483647;
			files = (
			);
			runOnlyForDeploymentPostprocessing = 0;
		};
		E16D18BA2CD53DD100ED62D3 /* Frameworks */ = {
			isa = PBXFrameworksBuildPhase;
			buildActionMask = 2147483647;
			files = (
			);
			runOnlyForDeploymentPostprocessing = 0;
		};
		E16D18C42CD53DD100ED62D3 /* Frameworks */ = {
			isa = PBXFrameworksBuildPhase;
			buildActionMask = 2147483647;
			files = (
			);
			runOnlyForDeploymentPostprocessing = 0;
		};
/* End PBXFrameworksBuildPhase section */

/* Begin PBXGroup section */
		E16D18A42CD53DD000ED62D3 = {
			isa = PBXGroup;
			children = (
				E16D18AF2CD53DD000ED62D3 /* AlertTrain */,
				E16D18C02CD53DD100ED62D3 /* AlertTrainTests */,
				E16D18CA2CD53DD100ED62D3 /* AlertTrainUITests */,
				E16D18AE2CD53DD000ED62D3 /* Products */,
			);
			sourceTree = "<group>";
		};
		E16D18AE2CD53DD000ED62D3 /* Products */ = {
			isa = PBXGroup;
			children = (
				E16D18AD2CD53DD000ED62D3 /* AlertTrain.app */,
				E16D18BD2CD53DD100ED62D3 /* AlertTrainTests.xctest */,
				E16D18C72CD53DD100ED62D3 /* AlertTrainUITests.xctest */,
			);
			name = Products;
			sourceTree = "<group>";
		};
/* End PBXGroup section */

/* Begin PBXNativeTarget section */
		E16D18AC2CD53DD000ED62D3 /* AlertTrain */ = {
			isa = PBXNativeTarget;
			buildConfigurationList = E16D18D12CD53DD100ED62D3 /* Build configuration list for PBXNativeTarget "AlertTrain" */;
			buildPhases = (
				E16D18A92CD53DD000ED62D3 /* Sources */,
				E16D18AA2CD53DD000ED62D3 /* Frameworks */,
				E16D18AB2CD53DD000ED62D3 /* Resources */,
			);
			buildRules = (
			);
			dependencies = (
			);
			fileSystemSynchronizedGroups = (
				E16D18AF2CD53DD000ED62D3 /* AlertTrain */,
			);
			name = AlertTrain;
			packageProductDependencies = (
			);
			productName = AlertTrain;
			productReference = E16D18AD2CD53DD000ED62D3 /* AlertTrain.app */;
			productType = "com.apple.product-type.application";
		};
		E16D18BC2CD53DD100ED62D3 /* AlertTrainTests */ = {
			isa = PBXNativeTarget;
			buildConfigurationList = E16D18D42CD53DD100ED62D3 /* Build configuration list for PBXNativeTarget "AlertTrainTests" */;
			buildPhases = (
				E16D18B92CD53DD100ED62D3 /* Sources */,
				E16D18BA2CD53DD100ED62D3 /* Frameworks */,
				E16D18BB2CD53DD100ED62D3 /* Resources */,
			);
			buildRules = (
			);
			dependencies = (
				E16D18BF2CD53DD100ED62D3 /* PBXTargetDependency */,
			);
			fileSystemSynchronizedGroups = (
				E16D18C02CD53DD100ED62D3 /* AlertTrainTests */,
			);
			name = AlertTrainTests;
			packageProductDependencies = (
			);
			productName = AlertTrainTests;
			productReference = E16D18BD2CD53DD100ED62D3 /* AlertTrainTests.xctest */;
			productType = "com.apple.product-type.bundle.unit-test";
		};
		E16D18C62CD53DD100ED62D3 /* AlertTrainUITests */ = {
			isa = PBXNativeTarget;
			buildConfigurationList = E16D18D72CD53DD100ED62D3 /* Build configuration list for PBXNativeTarget "AlertTrainUITests" */;
			buildPhases = (
				E16D18C32CD53DD100ED62D3 /* Sources */,
				E16D18C42CD53DD100ED62D3 /* Frameworks */,
				E16D18C52CD53DD100ED62D3 /* Resources */,
			);
			buildRules = (
			);
			dependencies = (
				E16D18C92CD53DD100ED62D3 /* PBXTargetDependency */,
			);
			fileSystemSynchronizedGroups = (
				E16D18CA2CD53DD100ED62D3 /* AlertTrainUITests */,
			);
			name = AlertTrainUITests;
			packageProductDependencies = (
			);
			productName = AlertTrainUITests;
			productReference = E16D18C72CD53DD100ED62D3 /* AlertTrainUITests.xctest */;
			productType = "com.apple.product-type.bundle.ui-testing";
		};
/* End PBXNativeTarget section */

/* Begin PBXProject section */
		E16D18A52CD53DD000ED62D3 /* Project object */ = {
			isa = PBXProject;
			attributes = {
				BuildIndependentTargetsInParallel = 1;
				LastSwiftUpdateCheck = 1600;
				LastUpgradeCheck = 1600;
				TargetAttributes = {
					E16D18AC2CD53DD000ED62D3 = {
						CreatedOnToolsVersion = 16.0;
					};
					E16D18BC2CD53DD100ED62D3 = {
						CreatedOnToolsVersion = 16.0;
						TestTargetID = E16D18AC2CD53DD000ED62D3;
					};
					E16D18C62CD53DD100ED62D3 = {
						CreatedOnToolsVersion = 16.0;
						TestTargetID = E16D18AC2CD53DD000ED62D3;
					};
				};
			};
			buildConfigurationList = E16D18A82CD53DD000ED62D3 /* Build configuration list for PBXProject "AlertTrain" */;
			developmentRegion = en;
			hasScannedForEncodings = 0;
			knownRegions = (
				en,
				Base,
			);
			mainGroup = E16D18A42CD53DD000ED62D3;
			minimizedProjectReferenceProxies = 1;
			preferredProjectObjectVersion = 77;
			productRefGroup = E16D18AE2CD53DD000ED62D3 /* Products */;
			projectDirPath = "";
			projectRoot = "";
			targets = (
				E16D18AC2CD53DD000ED62D3 /* AlertTrain */,
				E16D18BC2CD53DD100ED62D3 /* AlertTrainTests */,
				E16D18C62CD53DD100ED62D3 /* AlertTrainUITests */,
			);
		};
/* End PBXProject section */

/* Begin PBXResourcesBuildPhase section */
		E16D18AB2CD53DD000ED62D3 /* Resources */ = {
			isa = PBXResourcesBuildPhase;
			buildActionMask = 2147483647;
			files = (
			);
			runOnlyForDeploymentPostprocessing = 0;
		};
		E16D18BB2CD53DD100ED62D3 /* Resources */ = {
			isa = PBXResourcesBuildPhase;
			buildActionMask = 2147483647;
			files = (
			);
			runOnlyForDeploymentPostprocessing = 0;
		};
		E16D18C52CD53DD100ED62D3 /* Resources */ = {
			isa = PBXResourcesBuildPhase;
			buildActionMask = 2147483647;
			files = (
			);
			runOnlyForDeploymentPostprocessing = 0;
		};
/* End PBXResourcesBuildPhase section */

/* Begin PBXSourcesBuildPhase section */
		E16D18A92CD53DD000ED62D3 /* Sources */ = {
			isa = PBXSourcesBuildPhase;
			buildActionMask = 2147483647;
			files = (
			);
			runOnlyForDeploymentPostprocessing = 0;
		};
		E16D18B92CD53DD100ED62D3 /* Sources */ = {
			isa = PBXSourcesBuildPhase;
			buildActionMask = 2147483647;
			files = (
			);
			runOnlyForDeploymentPostprocessing = 0;
		};
		E16D18C32CD53DD100ED62D3 /* Sources */ = {
			isa = PBXSourcesBuildPhase;
			buildActionMask = 2147483647;
			files = (
			);
			runOnlyForDeploymentPostprocessing = 0;
		};
/* End PBXSourcesBuildPhase section */

/* Begin PBXTargetDependency section */
		E16D18BF2CD53DD100ED62D3 /* PBXTargetDependency */ = {
			isa = PBXTargetDependency;
			target = E16D18AC2CD53DD000ED62D3 /* AlertTrain */;
			targetProxy = E16D18BE2CD53DD100ED62D3 /* PBXContainerItemProxy */;
		};
		E16D18C92CD53DD100ED62D3 /* PBXTargetDependency */ = {
			isa = PBXTargetDependency;
			target = E16D18AC2CD53DD000ED62D3 /* AlertTrain */;
			targetProxy = E16D18C82CD53DD100ED62D3 /* PBXContainerItemProxy */;
		};
/* End PBXTargetDependency section */

/* Begin XCBuildConfiguration section */
		E16D18CF2CD53DD100ED62D3 /* Debug */ = {
			isa = XCBuildConfiguration;
			buildSettings = {
				ALWAYS_SEARCH_USER_PATHS = NO;
				ASSETCATALOG_COMPILER_GENERATE_SWIFT_ASSET_SYMBOL_EXTENSIONS = YES;
				CLANG_ANALYZER_NONNULL = YES;
				CLANG_ANALYZER_NUMBER_OBJECT_CONVERSION = YES_AGGRESSIVE;
				CLANG_CXX_LANGUAGE_STANDARD = "gnu++20";
				CLANG_ENABLE_MODULES = YES;
				CLANG_ENABLE_OBJC_ARC = YES;
				CLANG_ENABLE_OBJC_WEAK = YES;
				CLANG_WARN_BLOCK_CAPTURE_AUTORELEASING = YES;
				CLANG_WARN_BOOL_CONVERSION = YES;
				CLANG_WARN_COMMA = YES;
				CLANG_WARN_CONSTANT_CONVERSION = YES;
				CLANG_WARN_DEPRECATED_OBJC_IMPLEMENTATIONS = YES;
				CLANG_WARN_DIRECT_OBJC_ISA_USAGE = YES_ERROR;
				CLANG_WARN_DOCUMENTATION_COMMENTS = YES;
				CLANG_WARN_EMPTY_BODY = YES;
				CLANG_WARN_ENUM_CONVERSION = YES;
				CLANG_WARN_INFINITE_RECURSION = YES;
				CLANG_WARN_INT_CONVERSION = YES;
				CLANG_WARN_NON_LITERAL_NULL_CONVERSION = YES;
				CLANG_WARN_OBJC_IMPLICIT_RETAIN_SELF = YES;
				CLANG_WARN_OBJC_LITERAL_CONVERSION = YES;
				CLANG_WARN_OBJC_ROOT_CLASS = YES_ERROR;
				CLANG_WARN_QUOTED_INCLUDE_IN_FRAMEWORK_HEADER = YES;
				CLANG_WARN_RANGE_LOOP_ANALYSIS = YES;
				CLANG_WARN_STRICT_PROTOTYPES = YES;
				CLANG_WARN_SUSPICIOUS_MOVE = YES;
				CLANG_WARN_UNGUARDED_AVAILABILITY = YES_AGGRESSIVE;
				CLANG_WARN_UNREACHABLE_CODE = YES;
				CLANG_WARN__DUPLICATE_METHOD_MATCH = YES;
				COPY_PHASE_STRIP = NO;
				DEBUG_INFORMATION_FORMAT = dwarf;
				ENABLE_STRICT_OBJC_MSGSEND = YES;
				ENABLE_TESTABILITY = YES;
				ENABLE_USER_SCRIPT_SANDBOXING = YES;
				GCC_C_LANGUAGE_STANDARD = gnu17;
				GCC_DYNAMIC_NO_PIC = NO;
				GCC_NO_COMMON_BLOCKS = YES;
				GCC_OPTIMIZATION_LEVEL = 0;
				GCC_PREPROCESSOR_DEFINITIONS = (
					"DEBUG=1",
					"$(inherited)",
				);
				GCC_WARN_64_TO_32_BIT_CONVERSION = YES;
				GCC_WARN_ABOUT_RETURN_TYPE = YES_ERROR;
				GCC_WARN_UNDECLARED_SELECTOR = YES;
				GCC_WARN_UNINITIALIZED_AUTOS = YES_AGGRESSIVE;
				GCC_WARN_UNUSED_FUNCTION = YES;
				GCC_WARN_UNUSED_VARIABLE = YES;
				IPHONEOS_DEPLOYMENT_TARGET = 18.0;
				LOCALIZATION_PREFERS_STRING_CATALOGS = YES;
				MTL_ENABLE_DEBUG_INFO = INCLUDE_SOURCE;
				MTL_FAST_MATH = YES;
				ONLY_ACTIVE_ARCH = YES;
				SDKROOT = iphoneos;
				SWIFT_ACTIVE_COMPILATION_CONDITIONS = "DEBUG $(inherited)";
				SWIFT_OPTIMIZATION_LEVEL = "-Onone";
			};
			name = Debug;
		};
		E16D18D02CD53DD100ED62D3 /* Release */ = {
			isa = XCBuildConfiguration;
			buildSettings = {
				ALWAYS_SEARCH_USER_PATHS = NO;
				ASSETCATALOG_COMPILER_GENERATE_SWIFT_ASSET_SYMBOL_EXTENSIONS = YES;
				CLANG_ANALYZER_NONNULL = YES;
				CLANG_ANALYZER_NUMBER_OBJECT_CONVERSION = YES_AGGRESSIVE;
				CLANG_CXX_LANGUAGE_STANDARD = "gnu++20";
				CLANG_ENABLE_MODULES = YES;
				CLANG_ENABLE_OBJC_ARC = YES;
				CLANG_ENABLE_OBJC_WEAK = YES;
				CLANG_WARN_BLOCK_CAPTURE_AUTORELEASING = YES;
				CLANG_WARN_BOOL_CONVERSION = YES;
				CLANG_WARN_COMMA = YES;
				CLANG_WARN_CONSTANT_CONVERSION = YES;
				CLANG_WARN_DEPRECATED_OBJC_IMPLEMENTATIONS = YES;
				CLANG_WARN_DIRECT_OBJC_ISA_USAGE = YES_ERROR;
				CLANG_WARN_DOCUMENTATION_COMMENTS = YES;
				CLANG_WARN_EMPTY_BODY = YES;
				CLANG_WARN_ENUM_CONVERSION = YES;
				CLANG_WARN_INFINITE_RECURSION = YES;
				CLANG_WARN_INT_CONVERSION = YES;
				CLANG_WARN_NON_LITERAL_NULL_CONVERSION = YES;
				CLANG_WARN_OBJC_IMPLICIT_RETAIN_SELF = YES;
				CLANG_WARN_OBJC_LITERAL_CONVERSION = YES;
				CLANG_WARN_OBJC_ROOT_CLASS = YES_ERROR;
				CLANG_WARN_QUOTED_INCLUDE_IN_FRAMEWORK_HEADER = YES;
				CLANG_WARN_RANGE_LOOP_ANALYSIS = YES;
				CLANG_WARN_STRICT_PROTOTYPES = YES;
				CLANG_WARN_SUSPICIOUS_MOVE = YES;
				CLANG_WARN_UNGUARDED_AVAILABILITY = YES_AGGRESSIVE;
				CLANG_WARN_UNREACHABLE_CODE = YES;
				CLANG_WARN__DUPLICATE_METHOD_MATCH = YES;
				COPY_PHASE_STRIP = NO;
				DEBUG_INFORMATION_FORMAT = "dwarf-with-dsym";
				ENABLE_NS_ASSERTIONS = NO;
				ENABLE_STRICT_OBJC_MSGSEND = YES;
				ENABLE_USER_SCRIPT_SANDBOXING = YES;
				GCC_C_LANGUAGE_STANDARD = gnu17;
				GCC_NO_COMMON_BLOCKS = YES;
				GCC_WARN_64_TO_32_BIT_CONVERSION = YES;
				GCC_WARN_ABOUT_RETURN_TYPE = YES_ERROR;
				GCC_WARN_UNDECLARED_SELECTOR = YES;
				GCC_WARN_UNINITIALIZED_AUTOS = YES_AGGRESSIVE;
				GCC_WARN_UNUSED_FUNCTION = YES;
				GCC_WARN_UNUSED_VARIABLE = YES;
				IPHONEOS_DEPLOYMENT_TARGET = 18.0;
				LOCALIZATION_PREFERS_STRING_CATALOGS = YES;
				MTL_ENABLE_DEBUG_INFO = NO;
				MTL_FAST_MATH = YES;
				SDKROOT = iphoneos;
				SWIFT_COMPILATION_MODE = wholemodule;
				VALIDATE_PRODUCT = YES;
			};
			name = Release;
		};
		E16D18D22CD53DD100ED62D3 /* Debug */ = {
			isa = XCBuildConfiguration;
			buildSettings = {
				ASSETCATALOG_COMPILER_APPICON_NAME = AppIcon;
				ASSETCATALOG_COMPILER_GLOBAL_ACCENT_COLOR_NAME = AccentColor;
				CODE_SIGN_STYLE = Automatic;
				CURRENT_PROJECT_VERSION = 1;
				DEVELOPMENT_ASSET_PATHS = "\"AlertTrain/Preview Content\"";
				ENABLE_PREVIEWS = YES;
				GENERATE_INFOPLIST_FILE = YES;
				INFOPLIST_KEY_UIApplicationSceneManifest_Generation = YES;
				INFOPLIST_KEY_UIApplicationSupportsIndirectInputEvents = YES;
				INFOPLIST_KEY_UILaunchScreen_Generation = YES;
				INFOPLIST_KEY_UISupportedInterfaceOrientations_iPad = "UIInterfaceOrientationPortrait UIInterfaceOrientationPortraitUpsideDown UIInterfaceOrientationLandscapeLeft UIInterfaceOrientationLandscapeRight";
				INFOPLIST_KEY_UISupportedInterfaceOrientations_iPhone = "UIInterfaceOrientationPortrait UIInterfaceOrientationLandscapeLeft UIInterfaceOrientationLandscapeRight";
				LD_RUNPATH_SEARCH_PATHS = (
					"$(inherited)",
					"@executable_path/Frameworks",
				);
				MARKETING_VERSION = 1.0;
				PRODUCT_BUNDLE_IDENTIFIER = Danil.AlertTrain;
				PRODUCT_NAME = "$(TARGET_NAME)";
				SWIFT_EMIT_LOC_STRINGS = YES;
				SWIFT_VERSION = 5.0;
				TARGETED_DEVICE_FAMILY = "1,2";
			};
			name = Debug;
		};
		E16D18D32CD53DD100ED62D3 /* Release */ = {
			isa = XCBuildConfiguration;
			buildSettings = {
				ASSETCATALOG_COMPILER_APPICON_NAME = AppIcon;
				ASSETCATALOG_COMPILER_GLOBAL_ACCENT_COLOR_NAME = AccentColor;
				CODE_SIGN_STYLE = Automatic;
				CURRENT_PROJECT_VERSION = 1;
				DEVELOPMENT_ASSET_PATHS = "\"AlertTrain/Preview Content\"";
				ENABLE_PREVIEWS = YES;
				GENERATE_INFOPLIST_FILE = YES;
				INFOPLIST_KEY_UIApplicationSceneManifest_Generation = YES;
				INFOPLIST_KEY_UIApplicationSupportsIndirectInputEvents = YES;
				INFOPLIST_KEY_UILaunchScreen_Generation = YES;
				INFOPLIST_KEY_UISupportedInterfaceOrientations_iPad = "UIInterfaceOrientationPortrait UIInterfaceOrientationPortraitUpsideDown UIInterfaceOrientationLandscapeLeft UIInterfaceOrientationLandscapeRight";
				INFOPLIST_KEY_UISupportedInterfaceOrientations_iPhone = "UIInterfaceOrientationPortrait UIInterfaceOrientationLandscapeLeft UIInterfaceOrientationLandscapeRight";
				LD_RUNPATH_SEARCH_PATHS = (
					"$(inherited)",
					"@executable_path/Frameworks",
				);
				MARKETING_VERSION = 1.0;
				PRODUCT_BUNDLE_IDENTIFIER = Danil.AlertTrain;
				PRODUCT_NAME = "$(TARGET_NAME)";
				SWIFT_EMIT_LOC_STRINGS = YES;
				SWIFT_VERSION = 5.0;
				TARGETED_DEVICE_FAMILY = "1,2";
			};
			name = Release;
		};
		E16D18D52CD53DD100ED62D3 /* Debug */ = {
			isa = XCBuildConfiguration;
			buildSettings = {
				BUNDLE_LOADER = "$(TEST_HOST)";
				CODE_SIGN_STYLE = Automatic;
				CURRENT_PROJECT_VERSION = 1;
				GENERATE_INFOPLIST_FILE = YES;
				IPHONEOS_DEPLOYMENT_TARGET = 18.0;
				MARKETING_VERSION = 1.0;
				PRODUCT_BUNDLE_IDENTIFIER = Danil.AlertTrainTests;
				PRODUCT_NAME = "$(TARGET_NAME)";
				SWIFT_EMIT_LOC_STRINGS = NO;
				SWIFT_VERSION = 5.0;
				TARGETED_DEVICE_FAMILY = "1,2";
				TEST_HOST = "$(BUILT_PRODUCTS_DIR)/AlertTrain.app/$(BUNDLE_EXECUTABLE_FOLDER_PATH)/AlertTrain";
			};
			name = Debug;
		};
		E16D18D62CD53DD100ED62D3 /* Release */ = {
			isa = XCBuildConfiguration;
			buildSettings = {
				BUNDLE_LOADER = "$(TEST_HOST)";
				CODE_SIGN_STYLE = Automatic;
				CURRENT_PROJECT_VERSION = 1;
				GENERATE_INFOPLIST_FILE = YES;
				IPHONEOS_DEPLOYMENT_TARGET = 18.0;
				MARKETING_VERSION = 1.0;
				PRODUCT_BUNDLE_IDENTIFIER = Danil.AlertTrainTests;
				PRODUCT_NAME = "$(TARGET_NAME)";
				SWIFT_EMIT_LOC_STRINGS = NO;
				SWIFT_VERSION = 5.0;
				TARGETED_DEVICE_FAMILY = "1,2";
				TEST_HOST = "$(BUILT_PRODUCTS_DIR)/AlertTrain.app/$(BUNDLE_EXECUTABLE_FOLDER_PATH)/AlertTrain";
			};
			name = Release;
		};
		E16D18D82CD53DD100ED62D3 /* Debug */ = {
			isa = XCBuildConfiguration;
			buildSettings = {
				CODE_SIGN_STYLE = Automatic;
				CURRENT_PROJECT_VERSION = 1;
				GENERATE_INFOPLIST_FILE = YES;
				MARKETING_VERSION = 1.0;
				PRODUCT_BUNDLE_IDENTIFIER = Danil.AlertTrainUITests;
				PRODUCT_NAME = "$(TARGET_NAME)";
				SWIFT_EMIT_LOC_STRINGS = NO;
				SWIFT_VERSION = 5.0;
				TARGETED_DEVICE_FAMILY = "1,2";
				TEST_TARGET_NAME = AlertTrain;
			};
			name = Debug;
		};
		E16D18D92CD53DD100ED62D3 /* Release */ = {
			isa = XCBuildConfiguration;
			buildSettings = {
				CODE_SIGN_STYLE = Automatic;
				CURRENT_PROJECT_VERSION = 1;
				GENERATE_INFOPLIST_FILE = YES;
				MARKETING_VERSION = 1.0;
				PRODUCT_BUNDLE_IDENTIFIER = Danil.AlertTrainUITests;
				PRODUCT_NAME = "$(TARGET_NAME)";
				SWIFT_EMIT_LOC_STRINGS = NO;
				SWIFT_VERSION = 5.0;
				TARGETED_DEVICE_FAMILY = "1,2";
				TEST_TARGET_NAME = AlertTrain;
			};
			name = Release;
		};
/* End XCBuildConfiguration section */

/* Begin XCConfigurationList section */
		E16D18A82CD53DD000ED62D3 /* Build configuration list for PBXProject "AlertTrain" */ = {
			isa = XCConfigurationList;
			buildConfigurations = (
				E16D18CF2CD53DD100ED62D3 /* Debug */,
				E16D18D02CD53DD100ED62D3 /* Release */,
			);
			defaultConfigurationIsVisible = 0;
			defaultConfigurationName = Release;
		};
		E16D18D12CD53DD100ED62D3 /* Build configuration list for PBXNativeTarget "AlertTrain" */ = {
			isa = XCConfigurationList;
			buildConfigurations = (
				E16D18D22CD53DD100ED62D3 /* Debug */,
				E16D18D32CD53DD100ED62D3 /* Release */,
			);
			defaultConfigurationIsVisible = 0;
			defaultConfigurationName = Release;
		};
		E16D18D42CD53DD100ED62D3 /* Build configuration list for PBXNativeTarget "AlertTrainTests" */ = {
			isa = XCConfigurationList;
			buildConfigurations = (
				E16D18D52CD53DD100ED62D3 /* Debug */,
				E16D18D62CD53DD100ED62D3 /* Release */,
			);
			defaultConfigurationIsVisible = 0;
			defaultConfigurationName = Release;
		};
		E16D18D72CD53DD100ED62D3 /* Build configuration list for PBXNativeTarget "AlertTrainUITests" */ = {
			isa = XCConfigurationList;
			buildConfigurations = (
				E16D18D82CD53DD100ED62D3 /* Debug */,
				E16D18D92CD53DD100ED62D3 /* Release */,
			);
			defaultConfigurationIsVisible = 0;
			defaultConfigurationName = Release;
		};
/* End XCConfigurationList section */
	};
	rootObject = E16D18A52CD53DD000ED62D3 /* Project object */;
}
